
Microsoft Visual Studio Solution File, Format Version 12.00
# Visual Studio 15
VisualStudioVersion = 15.0.26430.6
MinimumVisualStudioVersion = 10.0.40219.1
Project("{FAE04EC0-301F-11D3-BF4B-00C04F79EFBC}") = "Server", "Server\Server.csproj", "{9D86CD80-E4EF-44BE-AB6A-FA5F8C41FA1E}"
EndProject
Project("{FAE04EC0-301F-11D3-BF4B-00C04F79EFBC}") = "DataBase", "DataBase\DataBase.csproj", "{3506975D-3ED0-4706-9B99-A2CE9C8ED4E5}"
EndProject
Global
	GlobalSection(SolutionConfigurationPlatforms) = preSolution
		Debug|Any CPU = Debug|Any CPU
		Release|Any CPU = Release|Any CPU
	EndGlobalSection
	GlobalSection(ProjectConfigurationPlatforms) = postSolution
		{9D86CD80-E4EF-44BE-AB6A-FA5F8C41FA1E}.Debug|Any CPU.ActiveCfg = Debug|Any CPU
		{9D86CD80-E4EF-44BE-AB6A-FA5F8C41FA1E}.Debug|Any CPU.Build.0 = Debug|Any CPU
		{9D86CD80-E4EF-44BE-AB6A-FA5F8C41FA1E}.Release|Any CPU.ActiveCfg = Release|Any CPU
		{9D86CD80-E4EF-44BE-AB6A-FA5F8C41FA1E}.Release|Any CPU.Build.0 = Release|Any CPU
		{3506975D-3ED0-4706-9B99-A2CE9C8ED4E5}.Debug|Any CPU.ActiveCfg = Debug|Any CPU
		{3506975D-3ED0-4706-9B99-A2CE9C8ED4E5}.Debug|Any CPU.Build.0 = Debug|Any CPU
		{3506975D-3ED0-4706-9B99-A2CE9C8ED4E5}.Release|Any CPU.ActiveCfg = Release|Any CPU
		{3506975D-3ED0-4706-9B99-A2CE9C8ED4E5}.Release|Any CPU.Build.0 = Release|Any CPU
	EndGlobalSection
	GlobalSection(SolutionProperties) = preSolution
		HideSolutionNode = FALSE
	EndGlobalSection
EndGlobal
